{
  "name": "@avanindratiwari/blogging-common",
  "version": "1.0.0",
  "lockfileVersion": 3,
  "requires": true,
  "packages": {
    "": {
      "name": "@avanindratiwari/blogging-common",
      "version": "1.0.0",
      "license": "ISC",
      "dependencies": {
        "@avanindratiwari/blogging-common": "^1.0.0"
      }
    },
    "node_modules/@avanindratiwari/blogging-common": {
      "version": "1.0.0",
      "resolved": "https://registry.npmjs.org/@avanindratiwari/blogging-common/-/blogging-common-1.0.0.tgz",
      "integrity": "sha512-tZoqgef7JxiZ1VtMSTmQCzhkNs6334fhWZjPRExKu+TeSTrTZwwls/4AsMGHvw5o3aF0xJdFkVhITz3ccZuINw=="
    }
  }
}
